
Microsoft Visual Studio Solution File, Format Version 12.00
# Visual Studio 14
VisualStudioVersion = 14.0.25123.0
MinimumVisualStudioVersion = 10.0.40219.1
Project("{FAE04EC0-301F-11D3-BF4B-00C04F79EFBC}") = "UserTool_WPF", "UserTool_WPF\UserTool_WPF.csproj", "{7DFA4D47-16AC-4589-80AC-51FA3895400A}"
EndProject
Global
	GlobalSection(SolutionConfigurationPlatforms) = preSolution
		Debug|Any CPU = Debug|Any CPU
		Release|Any CPU = Release|Any CPU
	EndGlobalSection
	GlobalSection(ProjectConfigurationPlatforms) = postSolution
		{7DFA4D47-16AC-4589-80AC-51FA3895400A}.Debug|Any CPU.ActiveCfg = Debug|Any CPU
		{7DFA4D47-16AC-4589-80AC-51FA3895400A}.Debug|Any CPU.Build.0 = Debug|Any CPU
		{7DFA4D47-16AC-4589-80AC-51FA3895400A}.Release|Any CPU.ActiveCfg = Release|Any CPU
		{7DFA4D47-16AC-4589-80AC-51FA3895400A}.Release|Any CPU.Build.0 = Release|Any CPU
	EndGlobalSection
	GlobalSection(SolutionProperties) = preSolution
		HideSolutionNode = FALSE
	EndGlobalSection
	GlobalSection(ExtensibilityGlobals) = postSolution
		SolutionGuid = {428DCD55-1078-4A3E-8B94-BB0B47FEE33D}
	EndGlobalSection
EndGlobal
